
Microsoft Visual Studio Solution File, Format Version 12.00
# Visual Studio 15
VisualStudioVersion = 15.0.27130.2027
MinimumVisualStudioVersion = 10.0.40219.1
Project("{8BC9CEB8-8B4A-11D0-8D11-00A0C91BC942}") = "Hook", "WhatsappTray\Hook.vcxproj", "{9CD8044A-759A-4F65-B9FE-6DD8DD188428}"
EndProject
Project("{8BC9CEB8-8B4A-11D0-8D11-00A0C91BC942}") = "WhatsappTray", "WhatsappTray\WhatsappTray.vcxproj", "{CDDAA887-EEE9-47FA-B4B5-929A92D71248}"
EndProject
Global
	GlobalSection(SolutionConfigurationPlatforms) = preSolution
		Debug|x64 = Debug|x64
		Release|x64 = Release|x64
	EndGlobalSection
	GlobalSection(ProjectConfigurationPlatforms) = postSolution
		{9CD8044A-759A-4F65-B9FE-6DD8DD188428}.Debug|x64.ActiveCfg = Debug|x64
		{9CD8044A-759A-4F65-B9FE-6DD8DD188428}.Debug|x64.Build.0 = Debug|x64
		{9CD8044A-759A-4F65-B9FE-6DD8DD188428}.Debug|x64.Deploy.0 = Debug|x64
		{9CD8044A-759A-4F65-B9FE-6DD8DD188428}.Release|x64.ActiveCfg = Release|x64
		{9CD8044A-759A-4F65-B9FE-6DD8DD188428}.Release|x64.Build.0 = Release|x64
		{CDDAA887-EEE9-47FA-B4B5-929A92D71248}.Debug|x64.ActiveCfg = Debug|x64
		{CDDAA887-EEE9-47FA-B4B5-929A92D71248}.Debug|x64.Build.0 = Debug|x64
		{CDDAA887-EEE9-47FA-B4B5-929A92D71248}.Release|x64.ActiveCfg = Release|x64
		{CDDAA887-EEE9-47FA-B4B5-929A92D71248}.Release|x64.Build.0 = Release|x64
	EndGlobalSection
	GlobalSection(SolutionProperties) = preSolution
		HideSolutionNode = FALSE
	EndGlobalSection
	GlobalSection(ExtensibilityGlobals) = postSolution
		SolutionGuid = {44DCDD4F-960E-4BD3-981C-F1261B6575B5}
	EndGlobalSection
EndGlobal
