<?xml version="1.0" encoding="utf-8"?>
<Project ToolsVersion="4.0" xmlns="http://schemas.microsoft.com/developer/msbuild/2003">
  <ItemGroup>
    <Filter Include="Files">
      <UniqueIdentifier>{93995380-89BD-4b04-88EB-625FBE52EBFB}</UniqueIdentifier>
      <Extensions>h;hpp;hxx;hm;inl;inc;xsd</Extensions>
    </Filter>
  </ItemGroup>
  <ItemGroup>
    <ClCompile Include="Hook.cpp">
      <Filter>Files</Filter>
    </ClCompile>
    <ClCompile Include="WinSockClient.cpp">
      <Filter>Files</Filter>
    </ClCompile>
    <ClCompile Include="WinSockLogger.cpp">
      <Filter>Files</Filter>
    </ClCompile>
  </ItemGroup>
  <ItemGroup>
    <ClInclude Include="SharedDefines.h">
      <Filter>Files</Filter>
    </ClInclude>
    <ClInclude Include="WinSockClient.h">
      <Filter>Files</Filter>
    </ClInclude>
    <ClInclude Include="WinSockLogger.h">
      <Filter>Files</Filter>
    </ClInclude>
  </ItemGroup>
  <ItemGroup>
    <MASM Include="ReadRegister.asm">
      <Filter>Files</Filter>
    </MASM>
  </ItemGroup>
</Project>