<?xml version="1.0" encoding="utf-8"?>
<Project ToolsVersion="4.0" xmlns="http://schemas.microsoft.com/developer/msbuild/2003">
  <ItemGroup>
    <Filter Include="Resource Files">
      <UniqueIdentifier>{67DA6AB6-F800-4c08-8B7A-83BB121AAD01}</UniqueIdentifier>
      <Extensions>rc;ico;cur;bmp;dlg;rc2;rct;bin;rgs;gif;jpg;jpeg;jpe;resx;tiff;tif;png;wav</Extensions>
    </Filter>
    <Filter Include="Files">
      <UniqueIdentifier>{93995380-89BD-4b04-88EB-625FBE52EBFB}</UniqueIdentifier>
      <Extensions>h;hpp;hxx;hm;inl;inc;xsd</Extensions>
    </Filter>
    <Filter Include="Precompiled Header">
      <UniqueIdentifier>{aeed58ce-9b0a-4a09-a1d9-087e2327d29d}</UniqueIdentifier>
    </Filter>
  </ItemGroup>
  <ItemGroup>
    <ClInclude Include="WhatsappTray.h">
      <Filter>Files</Filter>
    </ClInclude>
    <ClInclude Include="Registry.h">
      <Filter>Files</Filter>
    </ClInclude>
    <ClInclude Include="ApplicationData.h">
      <Filter>Files</Filter>
    </ClInclude>
    <ClInclude Include="resource.h">
      <Filter>Resource Files</Filter>
    </ClInclude>
    <ClInclude Include="stdafx.h">
      <Filter>Precompiled Header</Filter>
    </ClInclude>
    <ClInclude Include="DirectoryWatcher.h">
      <Filter>Files</Filter>
    </ClInclude>
    <ClInclude Include="Logger.h">
      <Filter>Files</Filter>
    </ClInclude>
    <ClInclude Include="Helper.h">
      <Filter>Files</Filter>
    </ClInclude>
  </ItemGroup>
  <ItemGroup>
    <ClCompile Include="ApplicationData.cpp">
      <Filter>Files</Filter>
    </ClCompile>
    <ClCompile Include="Registry.cpp">
      <Filter>Files</Filter>
    </ClCompile>
    <ClCompile Include="WhatsappTray.cpp">
      <Filter>Files</Filter>
    </ClCompile>
    <ClCompile Include="stdafx.cpp">
      <Filter>Precompiled Header</Filter>
    </ClCompile>
    <ClCompile Include="DirectoryWatcher.cpp">
      <Filter>Files</Filter>
    </ClCompile>
    <ClCompile Include="Logger.cpp">
      <Filter>Files</Filter>
    </ClCompile>
    <ClCompile Include="Helper.cpp">
      <Filter>Files</Filter>
    </ClCompile>
  </ItemGroup>
  <ItemGroup>
    <ResourceCompile Include="WhatsappTray.rc">
      <Filter>Resource Files</Filter>
    </ResourceCompile>
  </ItemGroup>
  <ItemGroup>
    <None Include="WhatsappTray.ico">
      <Filter>Resource Files</Filter>
    </None>
  </ItemGroup>
</Project>